
Microsoft Visual Studio Solution File, Format Version 12.00
# Visual Studio Version 17
VisualStudioVersion = 17.10.35027.167
MinimumVisualStudioVersion = 10.0.40219.1
Project("{FAE04EC0-301F-11D3-BF4B-00C04F79EFBC}") = "BlogPlatform", "BlogPlatform\BlogPlatform.csproj", "{DED91764-503C-430C-90D9-7A4E570E83EB}"
EndProject
Global
	GlobalSection(SolutionConfigurationPlatforms) = preSolution
		Debug|Any CPU = Debug|Any CPU
		Release|Any CPU = Release|Any CPU
	EndGlobalSection
	GlobalSection(ProjectConfigurationPlatforms) = postSolution
		{DED91764-503C-430C-90D9-7A4E570E83EB}.Debug|Any CPU.ActiveCfg = Debug|Any CPU
		{DED91764-503C-430C-90D9-7A4E570E83EB}.Debug|Any CPU.Build.0 = Debug|Any CPU
		{DED91764-503C-430C-90D9-7A4E570E83EB}.Release|Any CPU.ActiveCfg = Release|Any CPU
		{DED91764-503C-430C-90D9-7A4E570E83EB}.Release|Any CPU.Build.0 = Release|Any CPU
	EndGlobalSection
	GlobalSection(SolutionProperties) = preSolution
		HideSolutionNode = FALSE
	EndGlobalSection
	GlobalSection(ExtensibilityGlobals) = postSolution
		SolutionGuid = {33EDA8DE-4FCD-40FE-BF38-5C3B6B0FAC33}
	EndGlobalSection
EndGlobal
